
Microsoft Visual Studio Solution File, Format Version 12.00
# Visual Studio Version 16
VisualStudioVersion = 16.0.31019.35
MinimumVisualStudioVersion = 10.0.40219.1
Project("{FAE04EC0-301F-11D3-BF4B-00C04F79EFBC}") = "PerancanganAnalisa2", "PerancanganAnalisa2\PerancanganAnalisa2.csproj", "{D5C3DF9C-0F3A-4F10-833B-3A69A25319BA}"
EndProject
Global
	GlobalSection(SolutionConfigurationPlatforms) = preSolution
		Debug|Any CPU = Debug|Any CPU
		Release|Any CPU = Release|Any CPU
	EndGlobalSection
	GlobalSection(ProjectConfigurationPlatforms) = postSolution
		{D5C3DF9C-0F3A-4F10-833B-3A69A25319BA}.Debug|Any CPU.ActiveCfg = Debug|Any CPU
		{D5C3DF9C-0F3A-4F10-833B-3A69A25319BA}.Debug|Any CPU.Build.0 = Debug|Any CPU
		{D5C3DF9C-0F3A-4F10-833B-3A69A25319BA}.Release|Any CPU.ActiveCfg = Release|Any CPU
		{D5C3DF9C-0F3A-4F10-833B-3A69A25319BA}.Release|Any CPU.Build.0 = Release|Any CPU
	EndGlobalSection
	GlobalSection(SolutionProperties) = preSolution
		HideSolutionNode = FALSE
	EndGlobalSection
	GlobalSection(ExtensibilityGlobals) = postSolution
		SolutionGuid = {016B20E8-51EB-442B-B9F1-21D518952A88}
	EndGlobalSection
EndGlobal
